
Microsoft Visual Studio Solution File, Format Version 12.00
# Visual Studio Version 17
VisualStudioVersion = 17.9.34622.214
MinimumVisualStudioVersion = 10.0.40219.1
Project("{2150E333-8FDC-42A3-9474-1A3956D46DE8}") = "src", "src", "{2F2E746C-2AC5-43D2-8986-A9F78AC877EF}"
EndProject
Project("{2150E333-8FDC-42A3-9474-1A3956D46DE8}") = "tests", "tests", "{01FA2E21-7B53-469F-884F-737E4D9A42C3}"
EndProject
Project("{9A19103F-16F7-4668-BE54-9A1E7A4F7556}") = "Tests", "Tests\Tests.csproj", "{1B147F23-0FD5-4E57-BB4B-BBF1986A1D39}"
EndProject
Project("{9A19103F-16F7-4668-BE54-9A1E7A4F7556}") = "Application", "Application\Application.csproj", "{D122DA57-55FA-46F8-ABC4-32959B7EA9AE}"
EndProject
Project("{9A19103F-16F7-4668-BE54-9A1E7A4F7556}") = "Core", "Core\Core.csproj", "{B95EA6F7-553E-4CC4-9980-3C31513DBB0F}"
EndProject
Project("{9A19103F-16F7-4668-BE54-9A1E7A4F7556}") = "WebApi", "WebApi\WebApi.csproj", "{3BB99C75-0E02-44FC-8FED-50422E5CC85C}"
EndProject
Project("{9A19103F-16F7-4668-BE54-9A1E7A4F7556}") = "Infrastructure", "Infrastructure\Infrastructure.csproj", "{45CF2BB1-29FD-44CF-9ACC-9CAAFB1A8F9E}"
EndProject
Global
	GlobalSection(SolutionConfigurationPlatforms) = preSolution
		Debug|Any CPU = Debug|Any CPU
		Release|Any CPU = Release|Any CPU
	EndGlobalSection
	GlobalSection(ProjectConfigurationPlatforms) = postSolution
		{1B147F23-0FD5-4E57-BB4B-BBF1986A1D39}.Debug|Any CPU.ActiveCfg = Debug|Any CPU
		{1B147F23-0FD5-4E57-BB4B-BBF1986A1D39}.Debug|Any CPU.Build.0 = Debug|Any CPU
		{1B147F23-0FD5-4E57-BB4B-BBF1986A1D39}.Release|Any CPU.ActiveCfg = Release|Any CPU
		{1B147F23-0FD5-4E57-BB4B-BBF1986A1D39}.Release|Any CPU.Build.0 = Release|Any CPU
		{D122DA57-55FA-46F8-ABC4-32959B7EA9AE}.Debug|Any CPU.ActiveCfg = Debug|Any CPU
		{D122DA57-55FA-46F8-ABC4-32959B7EA9AE}.Debug|Any CPU.Build.0 = Debug|Any CPU
		{D122DA57-55FA-46F8-ABC4-32959B7EA9AE}.Release|Any CPU.ActiveCfg = Release|Any CPU
		{D122DA57-55FA-46F8-ABC4-32959B7EA9AE}.Release|Any CPU.Build.0 = Release|Any CPU
		{B95EA6F7-553E-4CC4-9980-3C31513DBB0F}.Debug|Any CPU.ActiveCfg = Debug|Any CPU
		{B95EA6F7-553E-4CC4-9980-3C31513DBB0F}.Debug|Any CPU.Build.0 = Debug|Any CPU
		{B95EA6F7-553E-4CC4-9980-3C31513DBB0F}.Release|Any CPU.ActiveCfg = Release|Any CPU
		{B95EA6F7-553E-4CC4-9980-3C31513DBB0F}.Release|Any CPU.Build.0 = Release|Any CPU
		{3BB99C75-0E02-44FC-8FED-50422E5CC85C}.Debug|Any CPU.ActiveCfg = Debug|Any CPU
		{3BB99C75-0E02-44FC-8FED-50422E5CC85C}.Debug|Any CPU.Build.0 = Debug|Any CPU
		{3BB99C75-0E02-44FC-8FED-50422E5CC85C}.Release|Any CPU.ActiveCfg = Release|Any CPU
		{3BB99C75-0E02-44FC-8FED-50422E5CC85C}.Release|Any CPU.Build.0 = Release|Any CPU
		{45CF2BB1-29FD-44CF-9ACC-9CAAFB1A8F9E}.Debug|Any CPU.ActiveCfg = Debug|Any CPU
		{45CF2BB1-29FD-44CF-9ACC-9CAAFB1A8F9E}.Debug|Any CPU.Build.0 = Debug|Any CPU
		{45CF2BB1-29FD-44CF-9ACC-9CAAFB1A8F9E}.Release|Any CPU.ActiveCfg = Release|Any CPU
		{45CF2BB1-29FD-44CF-9ACC-9CAAFB1A8F9E}.Release|Any CPU.Build.0 = Release|Any CPU
	EndGlobalSection
	GlobalSection(SolutionProperties) = preSolution
		HideSolutionNode = FALSE
	EndGlobalSection
	GlobalSection(NestedProjects) = preSolution
		{1B147F23-0FD5-4E57-BB4B-BBF1986A1D39} = {01FA2E21-7B53-469F-884F-737E4D9A42C3}
		{D122DA57-55FA-46F8-ABC4-32959B7EA9AE} = {2F2E746C-2AC5-43D2-8986-A9F78AC877EF}
		{B95EA6F7-553E-4CC4-9980-3C31513DBB0F} = {2F2E746C-2AC5-43D2-8986-A9F78AC877EF}
		{3BB99C75-0E02-44FC-8FED-50422E5CC85C} = {2F2E746C-2AC5-43D2-8986-A9F78AC877EF}
		{45CF2BB1-29FD-44CF-9ACC-9CAAFB1A8F9E} = {2F2E746C-2AC5-43D2-8986-A9F78AC877EF}
	EndGlobalSection
	GlobalSection(ExtensibilityGlobals) = postSolution
		SolutionGuid = {FD208E0D-F3F4-4D60-81C0-B32BEDC8F0B3}
	EndGlobalSection
EndGlobal
